
Microsoft Visual Studio Solution File, Format Version 12.00
# Visual Studio Version 17
VisualStudioVersion = 17.8.34525.116
MinimumVisualStudioVersion = 10.0.40219.1
Project("{FAE04EC0-301F-11D3-BF4B-00C04F79EFBC}") = "WebAPI_Video", "WebAPI_Video\WebAPI_Video.csproj", "{6A357361-E928-4D21-96A7-C3EA340C847F}"
EndProject
Global
	GlobalSection(SolutionConfigurationPlatforms) = preSolution
		Debug|Any CPU = Debug|Any CPU
		Release|Any CPU = Release|Any CPU
	EndGlobalSection
	GlobalSection(ProjectConfigurationPlatforms) = postSolution
		{6A357361-E928-4D21-96A7-C3EA340C847F}.Debug|Any CPU.ActiveCfg = Debug|Any CPU
		{6A357361-E928-4D21-96A7-C3EA340C847F}.Debug|Any CPU.Build.0 = Debug|Any CPU
		{6A357361-E928-4D21-96A7-C3EA340C847F}.Release|Any CPU.ActiveCfg = Release|Any CPU
		{6A357361-E928-4D21-96A7-C3EA340C847F}.Release|Any CPU.Build.0 = Release|Any CPU
	EndGlobalSection
	GlobalSection(SolutionProperties) = preSolution
		HideSolutionNode = FALSE
	EndGlobalSection
	GlobalSection(ExtensibilityGlobals) = postSolution
		SolutionGuid = {BF7D2F68-E3A6-49AA-862B-3C56377993AF}
	EndGlobalSection
EndGlobal
